// !$*UTF8*$!
{
	archiveVersion = 1;
	classes = {
	};
	objectVersion = 50;
	objects = {

/* Begin PBXBuildFile section */
		41115DDC233C676000748CEF /* main.swift in Sources */ = {isa = PBXBuildFile; fileRef = 41115DDB233C676000748CEF /* main.swift */; };
		41115DE9233C6DE400748CEF /* main.swift in Sources */ = {isa = PBXBuildFile; fileRef = 41115DE8233C6DE400748CEF /* main.swift */; };
		41115DF7233C9FFE00748CEF /* main.swift in Sources */ = {isa = PBXBuildFile; fileRef = 41115DF6233C9FFE00748CEF /* main.swift */; };
		41115E03233CA75700748CEF /* main.swift in Sources */ = {isa = PBXBuildFile; fileRef = 41115E02233CA75700748CEF /* main.swift */; };
		41115E0F233CC76500748CEF /* main.swift in Sources */ = {isa = PBXBuildFile; fileRef = 41115E0E233CC76500748CEF /* main.swift */; };
		41115E1B233DB3EE00748CEF /* main.swift in Sources */ = {isa = PBXBuildFile; fileRef = 41115E1A233DB3EE00748CEF /* main.swift */; };
/* End PBXBuildFile section */

/* Begin PBXCopyFilesBuildPhase section */
		41115DD6233C676000748CEF /* CopyFiles */ = {
			isa = PBXCopyFilesBuildPhase;
			buildActionMask = 2147483647;
			dstPath = /usr/share/man/man1/;
			dstSubfolderSpec = 0;
			files = (
			);
			runOnlyForDeploymentPostprocessing = 1;
		};
		41115DE4233C6DE400748CEF /* CopyFiles */ = {
			isa = PBXCopyFilesBuildPhase;
			buildActionMask = 2147483647;
			dstPath = /usr/share/man/man1/;
			dstSubfolderSpec = 0;
			files = (
			);
			runOnlyForDeploymentPostprocessing = 1;
		};
		41115DF2233C9FFE00748CEF /* CopyFiles */ = {
			isa = PBXCopyFilesBuildPhase;
			buildActionMask = 2147483647;
			dstPath = /usr/share/man/man1/;
			dstSubfolderSpec = 0;
			files = (
			);
			runOnlyForDeploymentPostprocessing = 1;
		};
		41115DFE233CA75700748CEF /* CopyFiles */ = {
			isa = PBXCopyFilesBuildPhase;
			buildActionMask = 2147483647;
			dstPath = /usr/share/man/man1/;
			dstSubfolderSpec = 0;
			files = (
			);
			runOnlyForDeploymentPostprocessing = 1;
		};
		41115E0A233CC76500748CEF /* CopyFiles */ = {
			isa = PBXCopyFilesBuildPhase;
			buildActionMask = 2147483647;
			dstPath = /usr/share/man/man1/;
			dstSubfolderSpec = 0;
			files = (
			);
			runOnlyForDeploymentPostprocessing = 1;
		};
		41115E16233DB3EE00748CEF /* CopyFiles */ = {
			isa = PBXCopyFilesBuildPhase;
			buildActionMask = 2147483647;
			dstPath = /usr/share/man/man1/;
			dstSubfolderSpec = 0;
			files = (
			);
			runOnlyForDeploymentPostprocessing = 1;
		};
/* End PBXCopyFilesBuildPhase section */

/* Begin PBXFileReference section */
		41115DD8233C676000748CEF /* 冒泡排序 */ = {isa = PBXFileReference; explicitFileType = "compiled.mach-o.executable"; includeInIndex = 0; path = "冒泡排序"; sourceTree = BUILT_PRODUCTS_DIR; };
		41115DDB233C676000748CEF /* main.swift */ = {isa = PBXFileReference; lastKnownFileType = sourcecode.swift; path = main.swift; sourceTree = "<group>"; };
		41115DE6233C6DE400748CEF /* 选择排序 */ = {isa = PBXFileReference; explicitFileType = "compiled.mach-o.executable"; includeInIndex = 0; path = "选择排序"; sourceTree = BUILT_PRODUCTS_DIR; };
		41115DE8233C6DE400748CEF /* main.swift */ = {isa = PBXFileReference; lastKnownFileType = sourcecode.swift; path = main.swift; sourceTree = "<group>"; };
		41115DED233C6E5100748CEF /* README.md */ = {isa = PBXFileReference; lastKnownFileType = net.daringfireball.markdown; path = README.md; sourceTree = "<group>"; };
		41115DEE233C6FAE00748CEF /* README.md */ = {isa = PBXFileReference; lastKnownFileType = net.daringfireball.markdown; path = README.md; sourceTree = "<group>"; };
		41115DEF233C703800748CEF /* README.md */ = {isa = PBXFileReference; lastKnownFileType = net.daringfireball.markdown; path = README.md; sourceTree = "<group>"; };
		41115DF4233C9FFE00748CEF /* 插入排序 */ = {isa = PBXFileReference; explicitFileType = "compiled.mach-o.executable"; includeInIndex = 0; path = "插入排序"; sourceTree = BUILT_PRODUCTS_DIR; };
		41115DF6233C9FFE00748CEF /* main.swift */ = {isa = PBXFileReference; lastKnownFileType = sourcecode.swift; path = main.swift; sourceTree = "<group>"; };
		41115DFB233CA6EE00748CEF /* README.md */ = {isa = PBXFileReference; lastKnownFileType = net.daringfireball.markdown; path = README.md; sourceTree = "<group>"; };
		41115E00233CA75700748CEF /* 希尔排序 */ = {isa = PBXFileReference; explicitFileType = "compiled.mach-o.executable"; includeInIndex = 0; path = "希尔排序"; sourceTree = BUILT_PRODUCTS_DIR; };
		41115E02233CA75700748CEF /* main.swift */ = {isa = PBXFileReference; lastKnownFileType = sourcecode.swift; path = main.swift; sourceTree = "<group>"; };
		41115E07233CA76600748CEF /* README.md */ = {isa = PBXFileReference; lastKnownFileType = net.daringfireball.markdown; path = README.md; sourceTree = "<group>"; };
		41115E0C233CC76500748CEF /* 归并排序 */ = {isa = PBXFileReference; explicitFileType = "compiled.mach-o.executable"; includeInIndex = 0; path = "归并排序"; sourceTree = BUILT_PRODUCTS_DIR; };
		41115E0E233CC76500748CEF /* main.swift */ = {isa = PBXFileReference; lastKnownFileType = sourcecode.swift; path = main.swift; sourceTree = "<group>"; };
		41115E13233CC77100748CEF /* README.md */ = {isa = PBXFileReference; lastKnownFileType = net.daringfireball.markdown; path = README.md; sourceTree = "<group>"; };
		41115E18233DB3EE00748CEF /* 快速排序 */ = {isa = PBXFileReference; explicitFileType = "compiled.mach-o.executable"; includeInIndex = 0; path = "快速排序"; sourceTree = BUILT_PRODUCTS_DIR; };
		41115E1A233DB3EE00748CEF /* main.swift */ = {isa = PBXFileReference; lastKnownFileType = sourcecode.swift; path = main.swift; sourceTree = "<group>"; };
		41115E1F233DB41F00748CEF /* README.md */ = {isa = PBXFileReference; lastKnownFileType = net.daringfireball.markdown; path = README.md; sourceTree = "<group>"; };
/* End PBXFileReference section */

/* Begin PBXFrameworksBuildPhase section */
		41115DD5233C676000748CEF /* Frameworks */ = {
			isa = PBXFrameworksBuildPhase;
			buildActionMask = 2147483647;
			files = (
			);
			runOnlyForDeploymentPostprocessing = 0;
		};
		41115DE3233C6DE400748CEF /* Frameworks */ = {
			isa = PBXFrameworksBuildPhase;
			buildActionMask = 2147483647;
			files = (
			);
			runOnlyForDeploymentPostprocessing = 0;
		};
		41115DF1233C9FFE00748CEF /* Frameworks */ = {
			isa = PBXFrameworksBuildPhase;
			buildActionMask = 2147483647;
			files = (
			);
			runOnlyForDeploymentPostprocessing = 0;
		};
		41115DFD233CA75700748CEF /* Frameworks */ = {
			isa = PBXFrameworksBuildPhase;
			buildActionMask = 2147483647;
			files = (
			);
			runOnlyForDeploymentPostprocessing = 0;
		};
		41115E09233CC76500748CEF /* Frameworks */ = {
			isa = PBXFrameworksBuildPhase;
			buildActionMask = 2147483647;
			files = (
			);
			runOnlyForDeploymentPostprocessing = 0;
		};
		41115E15233DB3EE00748CEF /* Frameworks */ = {
			isa = PBXFrameworksBuildPhase;
			buildActionMask = 2147483647;
			files = (
			);
			runOnlyForDeploymentPostprocessing = 0;
		};
/* End PBXFrameworksBuildPhase section */

/* Begin PBXGroup section */
		41115DCF233C676000748CEF = {
			isa = PBXGroup;
			children = (
				41115DEE233C6FAE00748CEF /* README.md */,
				41115DDA233C676000748CEF /* 冒泡排序 */,
				41115DE7233C6DE400748CEF /* 选择排序 */,
				41115DF5233C9FFE00748CEF /* 插入排序 */,
				41115E01233CA75700748CEF /* 希尔排序 */,
				41115E0D233CC76500748CEF /* 归并排序 */,
				41115E19233DB3EE00748CEF /* 快速排序 */,
				41115DD9233C676000748CEF /* Products */,
			);
			sourceTree = "<group>";
		};
		41115DD9233C676000748CEF /* Products */ = {
			isa = PBXGroup;
			children = (
				41115DD8233C676000748CEF /* 冒泡排序 */,
				41115DE6233C6DE400748CEF /* 选择排序 */,
				41115DF4233C9FFE00748CEF /* 插入排序 */,
				41115E00233CA75700748CEF /* 希尔排序 */,
				41115E0C233CC76500748CEF /* 归并排序 */,
				41115E18233DB3EE00748CEF /* 快速排序 */,
			);
			name = Products;
			sourceTree = "<group>";
		};
		41115DDA233C676000748CEF /* 冒泡排序 */ = {
			isa = PBXGroup;
			children = (
				41115DDB233C676000748CEF /* main.swift */,
				41115DED233C6E5100748CEF /* README.md */,
			);
			path = "冒泡排序";
			sourceTree = "<group>";
		};
		41115DE7233C6DE400748CEF /* 选择排序 */ = {
			isa = PBXGroup;
			children = (
				41115DE8233C6DE400748CEF /* main.swift */,
				41115DEF233C703800748CEF /* README.md */,
			);
			path = "选择排序";
			sourceTree = "<group>";
		};
		41115DF5233C9FFE00748CEF /* 插入排序 */ = {
			isa = PBXGroup;
			children = (
				41115DF6233C9FFE00748CEF /* main.swift */,
				41115DFB233CA6EE00748CEF /* README.md */,
			);
			path = "插入排序";
			sourceTree = "<group>";
		};
		41115E01233CA75700748CEF /* 希尔排序 */ = {
			isa = PBXGroup;
			children = (
				41115E02233CA75700748CEF /* main.swift */,
				41115E07233CA76600748CEF /* README.md */,
			);
			path = "希尔排序";
			sourceTree = "<group>";
		};
		41115E0D233CC76500748CEF /* 归并排序 */ = {
			isa = PBXGroup;
			children = (
				41115E0E233CC76500748CEF /* main.swift */,
				41115E13233CC77100748CEF /* README.md */,
			);
			path = "归并排序";
			sourceTree = "<group>";
		};
		41115E19233DB3EE00748CEF /* 快速排序 */ = {
			isa = PBXGroup;
			children = (
				41115E1A233DB3EE00748CEF /* main.swift */,
				41115E1F233DB41F00748CEF /* README.md */,
			);
			path = "快速排序";
			sourceTree = "<group>";
		};
/* End PBXGroup section */

/* Begin PBXNativeTarget section */
		41115DD7233C676000748CEF /* 冒泡排序 */ = {
			isa = PBXNativeTarget;
			buildConfigurationList = 41115DDF233C676000748CEF /* Build configuration list for PBXNativeTarget "冒泡排序" */;
			buildPhases = (
				41115DD4233C676000748CEF /* Sources */,
				41115DD5233C676000748CEF /* Frameworks */,
				41115DD6233C676000748CEF /* CopyFiles */,
			);
			buildRules = (
			);
			dependencies = (
			);
			name = "冒泡排序";
			productName = "冒泡排序";
			productReference = 41115DD8233C676000748CEF /* 冒泡排序 */;
			productType = "com.apple.product-type.tool";
		};
		41115DE5233C6DE400748CEF /* 选择排序 */ = {
			isa = PBXNativeTarget;
			buildConfigurationList = 41115DEA233C6DE400748CEF /* Build configuration list for PBXNativeTarget "选择排序" */;
			buildPhases = (
				41115DE2233C6DE400748CEF /* Sources */,
				41115DE3233C6DE400748CEF /* Frameworks */,
				41115DE4233C6DE400748CEF /* CopyFiles */,
			);
			buildRules = (
			);
			dependencies = (
			);
			name = "选择排序";
			productName = "选择排序";
			productReference = 41115DE6233C6DE400748CEF /* 选择排序 */;
			productType = "com.apple.product-type.tool";
		};
		41115DF3233C9FFE00748CEF /* 插入排序 */ = {
			isa = PBXNativeTarget;
			buildConfigurationList = 41115DF8233C9FFE00748CEF /* Build configuration list for PBXNativeTarget "插入排序" */;
			buildPhases = (
				41115DF0233C9FFE00748CEF /* Sources */,
				41115DF1233C9FFE00748CEF /* Frameworks */,
				41115DF2233C9FFE00748CEF /* CopyFiles */,
			);
			buildRules = (
			);
			dependencies = (
			);
			name = "插入排序";
			productName = "插入排序";
			productReference = 41115DF4233C9FFE00748CEF /* 插入排序 */;
			productType = "com.apple.product-type.tool";
		};
		41115DFF233CA75700748CEF /* 希尔排序 */ = {
			isa = PBXNativeTarget;
			buildConfigurationList = 41115E04233CA75700748CEF /* Build configuration list for PBXNativeTarget "希尔排序" */;
			buildPhases = (
				41115DFC233CA75700748CEF /* Sources */,
				41115DFD233CA75700748CEF /* Frameworks */,
				41115DFE233CA75700748CEF /* CopyFiles */,
			);
			buildRules = (
			);
			dependencies = (
			);
			name = "希尔排序";
			productName = "希尔排序";
			productReference = 41115E00233CA75700748CEF /* 希尔排序 */;
			productType = "com.apple.product-type.tool";
		};
		41115E0B233CC76500748CEF /* 归并排序 */ = {
			isa = PBXNativeTarget;
			buildConfigurationList = 41115E10233CC76500748CEF /* Build configuration list for PBXNativeTarget "归并排序" */;
			buildPhases = (
				41115E08233CC76500748CEF /* Sources */,
				41115E09233CC76500748CEF /* Frameworks */,
				41115E0A233CC76500748CEF /* CopyFiles */,
			);
			buildRules = (
			);
			dependencies = (
			);
			name = "归并排序";
			productName = "归并排序";
			productReference = 41115E0C233CC76500748CEF /* 归并排序 */;
			productType = "com.apple.product-type.tool";
		};
		41115E17233DB3EE00748CEF /* 快速排序 */ = {
			isa = PBXNativeTarget;
			buildConfigurationList = 41115E1E233DB3EE00748CEF /* Build configuration list for PBXNativeTarget "快速排序" */;
			buildPhases = (
				41115E14233DB3EE00748CEF /* Sources */,
				41115E15233DB3EE00748CEF /* Frameworks */,
				41115E16233DB3EE00748CEF /* CopyFiles */,
			);
			buildRules = (
			);
			dependencies = (
			);
			name = "快速排序";
			productName = "快速排序";
			productReference = 41115E18233DB3EE00748CEF /* 快速排序 */;
			productType = "com.apple.product-type.tool";
		};
/* End PBXNativeTarget section */

/* Begin PBXProject section */
		41115DD0233C676000748CEF /* Project object */ = {
			isa = PBXProject;
			attributes = {
				LastSwiftUpdateCheck = 1100;
				LastUpgradeCheck = 1100;
				ORGANIZATIONNAME = " MarvinChan";
				TargetAttributes = {
					41115DD7233C676000748CEF = {
						CreatedOnToolsVersion = 11.0;
					};
					41115DE5233C6DE400748CEF = {
						CreatedOnToolsVersion = 11.0;
					};
					41115DF3233C9FFE00748CEF = {
						CreatedOnToolsVersion = 11.0;
					};
					41115DFF233CA75700748CEF = {
						CreatedOnToolsVersion = 11.0;
					};
					41115E0B233CC76500748CEF = {
						CreatedOnToolsVersion = 11.0;
					};
					41115E17233DB3EE00748CEF = {
						CreatedOnToolsVersion = 11.0;
					};
				};
			};
			buildConfigurationList = 41115DD3233C676000748CEF /* Build configuration list for PBXProject "十大排序算法" */;
			compatibilityVersion = "Xcode 9.3";
			developmentRegion = en;
			hasScannedForEncodings = 0;
			knownRegions = (
				en,
				Base,
			);
			mainGroup = 41115DCF233C676000748CEF;
			productRefGroup = 41115DD9233C676000748CEF /* Products */;
			projectDirPath = "";
			projectRoot = "";
			targets = (
				41115DD7233C676000748CEF /* 冒泡排序 */,
				41115DE5233C6DE400748CEF /* 选择排序 */,
				41115DF3233C9FFE00748CEF /* 插入排序 */,
				41115DFF233CA75700748CEF /* 希尔排序 */,
				41115E0B233CC76500748CEF /* 归并排序 */,
				41115E17233DB3EE00748CEF /* 快速排序 */,
			);
		};
/* End PBXProject section */

/* Begin PBXSourcesBuildPhase section */
		41115DD4233C676000748CEF /* Sources */ = {
			isa = PBXSourcesBuildPhase;
			buildActionMask = 2147483647;
			files = (
				41115DDC233C676000748CEF /* main.swift in Sources */,
			);
			runOnlyForDeploymentPostprocessing = 0;
		};
		41115DE2233C6DE400748CEF /* Sources */ = {
			isa = PBXSourcesBuildPhase;
			buildActionMask = 2147483647;
			files = (
				41115DE9233C6DE400748CEF /* main.swift in Sources */,
			);
			runOnlyForDeploymentPostprocessing = 0;
		};
		41115DF0233C9FFE00748CEF /* Sources */ = {
			isa = PBXSourcesBuildPhase;
			buildActionMask = 2147483647;
			files = (
				41115DF7233C9FFE00748CEF /* main.swift in Sources */,
			);
			runOnlyForDeploymentPostprocessing = 0;
		};
		41115DFC233CA75700748CEF /* Sources */ = {
			isa = PBXSourcesBuildPhase;
			buildActionMask = 2147483647;
			files = (
				41115E03233CA75700748CEF /* main.swift in Sources */,
			);
			runOnlyForDeploymentPostprocessing = 0;
		};
		41115E08233CC76500748CEF /* Sources */ = {
			isa = PBXSourcesBuildPhase;
			buildActionMask = 2147483647;
			files = (
				41115E0F233CC76500748CEF /* main.swift in Sources */,
			);
			runOnlyForDeploymentPostprocessing = 0;
		};
		41115E14233DB3EE00748CEF /* Sources */ = {
			isa = PBXSourcesBuildPhase;
			buildActionMask = 2147483647;
			files = (
				41115E1B233DB3EE00748CEF /* main.swift in Sources */,
			);
			runOnlyForDeploymentPostprocessing = 0;
		};
/* End PBXSourcesBuildPhase section */

/* Begin XCBuildConfiguration section */
		41115DDD233C676000748CEF /* Debug */ = {
			isa = XCBuildConfiguration;
			buildSettings = {
				ALWAYS_SEARCH_USER_PATHS = NO;
				CLANG_ANALYZER_NONNULL = YES;
				CLANG_ANALYZER_NUMBER_OBJECT_CONVERSION = YES_AGGRESSIVE;
				CLANG_CXX_LANGUAGE_STANDARD = "gnu++14";
				CLANG_CXX_LIBRARY = "libc++";
				CLANG_ENABLE_MODULES = YES;
				CLANG_ENABLE_OBJC_ARC = YES;
				CLANG_ENABLE_OBJC_WEAK = YES;
				CLANG_WARN_BLOCK_CAPTURE_AUTORELEASING = YES;
				CLANG_WARN_BOOL_CONVERSION = YES;
				CLANG_WARN_COMMA = YES;
				CLANG_WARN_CONSTANT_CONVERSION = YES;
				CLANG_WARN_DEPRECATED_OBJC_IMPLEMENTATIONS = YES;
				CLANG_WARN_DIRECT_OBJC_ISA_USAGE = YES_ERROR;
				CLANG_WARN_DOCUMENTATION_COMMENTS = YES;
				CLANG_WARN_EMPTY_BODY = YES;
				CLANG_WARN_ENUM_CONVERSION = YES;
				CLANG_WARN_INFINITE_RECURSION = YES;
				CLANG_WARN_INT_CONVERSION = YES;
				CLANG_WARN_NON_LITERAL_NULL_CONVERSION = YES;
				CLANG_WARN_OBJC_IMPLICIT_RETAIN_SELF = YES;
				CLANG_WARN_OBJC_LITERAL_CONVERSION = YES;
				CLANG_WARN_OBJC_ROOT_CLASS = YES_ERROR;
				CLANG_WARN_RANGE_LOOP_ANALYSIS = YES;
				CLANG_WARN_STRICT_PROTOTYPES = YES;
				CLANG_WARN_SUSPICIOUS_MOVE = YES;
				CLANG_WARN_UNGUARDED_AVAILABILITY = YES_AGGRESSIVE;
				CLANG_WARN_UNREACHABLE_CODE = YES;
				CLANG_WARN__DUPLICATE_METHOD_MATCH = YES;
				COPY_PHASE_STRIP = NO;
				DEBUG_INFORMATION_FORMAT = dwarf;
				ENABLE_STRICT_OBJC_MSGSEND = YES;
				ENABLE_TESTABILITY = YES;
				GCC_C_LANGUAGE_STANDARD = gnu11;
				GCC_DYNAMIC_NO_PIC = NO;
				GCC_NO_COMMON_BLOCKS = YES;
				GCC_OPTIMIZATION_LEVEL = 0;
				GCC_PREPROCESSOR_DEFINITIONS = (
					"DEBUG=1",
					"$(inherited)",
				);
				GCC_WARN_64_TO_32_BIT_CONVERSION = YES;
				GCC_WARN_ABOUT_RETURN_TYPE = YES_ERROR;
				GCC_WARN_UNDECLARED_SELECTOR = YES;
				GCC_WARN_UNINITIALIZED_AUTOS = YES_AGGRESSIVE;
				GCC_WARN_UNUSED_FUNCTION = YES;
				GCC_WARN_UNUSED_VARIABLE = YES;
				MACOSX_DEPLOYMENT_TARGET = 10.15;
				MTL_ENABLE_DEBUG_INFO = INCLUDE_SOURCE;
				MTL_FAST_MATH = YES;
				ONLY_ACTIVE_ARCH = YES;
				SDKROOT = macosx;
				SWIFT_ACTIVE_COMPILATION_CONDITIONS = DEBUG;
				SWIFT_OPTIMIZATION_LEVEL = "-Onone";
			};
			name = Debug;
		};
		41115DDE233C676000748CEF /* Release */ = {
			isa = XCBuildConfiguration;
			buildSettings = {
				ALWAYS_SEARCH_USER_PATHS = NO;
				CLANG_ANALYZER_NONNULL = YES;
				CLANG_ANALYZER_NUMBER_OBJECT_CONVERSION = YES_AGGRESSIVE;
				CLANG_CXX_LANGUAGE_STANDARD = "gnu++14";
				CLANG_CXX_LIBRARY = "libc++";
				CLANG_ENABLE_MODULES = YES;
				CLANG_ENABLE_OBJC_ARC = YES;
				CLANG_ENABLE_OBJC_WEAK = YES;
				CLANG_WARN_BLOCK_CAPTURE_AUTORELEASING = YES;
				CLANG_WARN_BOOL_CONVERSION = YES;
				CLANG_WARN_COMMA = YES;
				CLANG_WARN_CONSTANT_CONVERSION = YES;
				CLANG_WARN_DEPRECATED_OBJC_IMPLEMENTATIONS = YES;
				CLANG_WARN_DIRECT_OBJC_ISA_USAGE = YES_ERROR;
				CLANG_WARN_DOCUMENTATION_COMMENTS = YES;
				CLANG_WARN_EMPTY_BODY = YES;
				CLANG_WARN_ENUM_CONVERSION = YES;
				CLANG_WARN_INFINITE_RECURSION = YES;
				CLANG_WARN_INT_CONVERSION = YES;
				CLANG_WARN_NON_LITERAL_NULL_CONVERSION = YES;
				CLANG_WARN_OBJC_IMPLICIT_RETAIN_SELF = YES;
				CLANG_WARN_OBJC_LITERAL_CONVERSION = YES;
				CLANG_WARN_OBJC_ROOT_CLASS = YES_ERROR;
				CLANG_WARN_RANGE_LOOP_ANALYSIS = YES;
				CLANG_WARN_STRICT_PROTOTYPES = YES;
				CLANG_WARN_SUSPICIOUS_MOVE = YES;
				CLANG_WARN_UNGUARDED_AVAILABILITY = YES_AGGRESSIVE;
				CLANG_WARN_UNREACHABLE_CODE = YES;
				CLANG_WARN__DUPLICATE_METHOD_MATCH = YES;
				COPY_PHASE_STRIP = NO;
				DEBUG_INFORMATION_FORMAT = "dwarf-with-dsym";
				ENABLE_NS_ASSERTIONS = NO;
				ENABLE_STRICT_OBJC_MSGSEND = YES;
				GCC_C_LANGUAGE_STANDARD = gnu11;
				GCC_NO_COMMON_BLOCKS = YES;
				GCC_WARN_64_TO_32_BIT_CONVERSION = YES;
				GCC_WARN_ABOUT_RETURN_TYPE = YES_ERROR;
				GCC_WARN_UNDECLARED_SELECTOR = YES;
				GCC_WARN_UNINITIALIZED_AUTOS = YES_AGGRESSIVE;
				GCC_WARN_UNUSED_FUNCTION = YES;
				GCC_WARN_UNUSED_VARIABLE = YES;
				MACOSX_DEPLOYMENT_TARGET = 10.15;
				MTL_ENABLE_DEBUG_INFO = NO;
				MTL_FAST_MATH = YES;
				SDKROOT = macosx;
				SWIFT_COMPILATION_MODE = wholemodule;
				SWIFT_OPTIMIZATION_LEVEL = "-O";
			};
			name = Release;
		};
		41115DE0233C676000748CEF /* Debug */ = {
			isa = XCBuildConfiguration;
			buildSettings = {
				CODE_SIGN_STYLE = Automatic;
				DEVELOPMENT_TEAM = HY4Q2RW5FF;
				ENABLE_HARDENED_RUNTIME = YES;
				PRODUCT_NAME = "$(TARGET_NAME)";
				SWIFT_VERSION = 5.0;
			};
			name = Debug;
		};
		41115DE1233C676000748CEF /* Release */ = {
			isa = XCBuildConfiguration;
			buildSettings = {
				CODE_SIGN_STYLE = Automatic;
				DEVELOPMENT_TEAM = HY4Q2RW5FF;
				ENABLE_HARDENED_RUNTIME = YES;
				PRODUCT_NAME = "$(TARGET_NAME)";
				SWIFT_VERSION = 5.0;
			};
			name = Release;
		};
		41115DEB233C6DE400748CEF /* Debug */ = {
			isa = XCBuildConfiguration;
			buildSettings = {
				CODE_SIGN_STYLE = Automatic;
				DEVELOPMENT_TEAM = HY4Q2RW5FF;
				ENABLE_HARDENED_RUNTIME = YES;
				PRODUCT_NAME = "$(TARGET_NAME)";
				SWIFT_VERSION = 5.0;
			};
			name = Debug;
		};
		41115DEC233C6DE400748CEF /* Release */ = {
			isa = XCBuildConfiguration;
			buildSettings = {
				CODE_SIGN_STYLE = Automatic;
				DEVELOPMENT_TEAM = HY4Q2RW5FF;
				ENABLE_HARDENED_RUNTIME = YES;
				PRODUCT_NAME = "$(TARGET_NAME)";
				SWIFT_VERSION = 5.0;
			};
			name = Release;
		};
		41115DF9233C9FFE00748CEF /* Debug */ = {
			isa = XCBuildConfiguration;
			buildSettings = {
				CODE_SIGN_STYLE = Automatic;
				DEVELOPMENT_TEAM = HY4Q2RW5FF;
				ENABLE_HARDENED_RUNTIME = YES;
				PRODUCT_NAME = "$(TARGET_NAME)";
				SWIFT_VERSION = 5.0;
			};
			name = Debug;
		};
		41115DFA233C9FFE00748CEF /* Release */ = {
			isa = XCBuildConfiguration;
			buildSettings = {
				CODE_SIGN_STYLE = Automatic;
				DEVELOPMENT_TEAM = HY4Q2RW5FF;
				ENABLE_HARDENED_RUNTIME = YES;
				PRODUCT_NAME = "$(TARGET_NAME)";
				SWIFT_VERSION = 5.0;
			};
			name = Release;
		};
		41115E05233CA75700748CEF /* Debug */ = {
			isa = XCBuildConfiguration;
			buildSettings = {
				CODE_SIGN_STYLE = Automatic;
				DEVELOPMENT_TEAM = HY4Q2RW5FF;
				ENABLE_HARDENED_RUNTIME = YES;
				PRODUCT_NAME = "$(TARGET_NAME)";
				SWIFT_VERSION = 5.0;
			};
			name = Debug;
		};
		41115E06233CA75700748CEF /* Release */ = {
			isa = XCBuildConfiguration;
			buildSettings = {
				CODE_SIGN_STYLE = Automatic;
				DEVELOPMENT_TEAM = HY4Q2RW5FF;
				ENABLE_HARDENED_RUNTIME = YES;
				PRODUCT_NAME = "$(TARGET_NAME)";
				SWIFT_VERSION = 5.0;
			};
			name = Release;
		};
		41115E11233CC76500748CEF /* Debug */ = {
			isa = XCBuildConfiguration;
			buildSettings = {
				CODE_SIGN_STYLE = Automatic;
				DEVELOPMENT_TEAM = HY4Q2RW5FF;
				ENABLE_HARDENED_RUNTIME = YES;
				PRODUCT_NAME = "$(TARGET_NAME)";
				SWIFT_VERSION = 5.0;
			};
			name = Debug;
		};
		41115E12233CC76500748CEF /* Release */ = {
			isa = XCBuildConfiguration;
			buildSettings = {
				CODE_SIGN_STYLE = Automatic;
				DEVELOPMENT_TEAM = HY4Q2RW5FF;
				ENABLE_HARDENED_RUNTIME = YES;
				PRODUCT_NAME = "$(TARGET_NAME)";
				SWIFT_VERSION = 5.0;
			};
			name = Release;
		};
		41115E1C233DB3EE00748CEF /* Debug */ = {
			isa = XCBuildConfiguration;
			buildSettings = {
				CODE_SIGN_STYLE = Automatic;
				DEVELOPMENT_TEAM = HY4Q2RW5FF;
				ENABLE_HARDENED_RUNTIME = YES;
				PRODUCT_NAME = "$(TARGET_NAME)";
				SWIFT_VERSION = 5.0;
			};
			name = Debug;
		};
		41115E1D233DB3EE00748CEF /* Release */ = {
			isa = XCBuildConfiguration;
			buildSettings = {
				CODE_SIGN_STYLE = Automatic;
				DEVELOPMENT_TEAM = HY4Q2RW5FF;
				ENABLE_HARDENED_RUNTIME = YES;
				PRODUCT_NAME = "$(TARGET_NAME)";
				SWIFT_VERSION = 5.0;
			};
			name = Release;
		};
/* End XCBuildConfiguration section */

/* Begin XCConfigurationList section */
		41115DD3233C676000748CEF /* Build configuration list for PBXProject "十大排序算法" */ = {
			isa = XCConfigurationList;
			buildConfigurations = (
				41115DDD233C676000748CEF /* Debug */,
				41115DDE233C676000748CEF /* Release */,
			);
			defaultConfigurationIsVisible = 0;
			defaultConfigurationName = Release;
		};
		41115DDF233C676000748CEF /* Build configuration list for PBXNativeTarget "冒泡排序" */ = {
			isa = XCConfigurationList;
			buildConfigurations = (
				41115DE0233C676000748CEF /* Debug */,
				41115DE1233C676000748CEF /* Release */,
			);
			defaultConfigurationIsVisible = 0;
			defaultConfigurationName = Release;
		};
		41115DEA233C6DE400748CEF /* Build configuration list for PBXNativeTarget "选择排序" */ = {
			isa = XCConfigurationList;
			buildConfigurations = (
				41115DEB233C6DE400748CEF /* Debug */,
				41115DEC233C6DE400748CEF /* Release */,
			);
			defaultConfigurationIsVisible = 0;
			defaultConfigurationName = Release;
		};
		41115DF8233C9FFE00748CEF /* Build configuration list for PBXNativeTarget "插入排序" */ = {
			isa = XCConfigurationList;
			buildConfigurations = (
				41115DF9233C9FFE00748CEF /* Debug */,
				41115DFA233C9FFE00748CEF /* Release */,
			);
			defaultConfigurationIsVisible = 0;
			defaultConfigurationName = Release;
		};
		41115E04233CA75700748CEF /* Build configuration list for PBXNativeTarget "希尔排序" */ = {
			isa = XCConfigurationList;
			buildConfigurations = (
				41115E05233CA75700748CEF /* Debug */,
				41115E06233CA75700748CEF /* Release */,
			);
			defaultConfigurationIsVisible = 0;
			defaultConfigurationName = Release;
		};
		41115E10233CC76500748CEF /* Build configuration list for PBXNativeTarget "归并排序" */ = {
			isa = XCConfigurationList;
			buildConfigurations = (
				41115E11233CC76500748CEF /* Debug */,
				41115E12233CC76500748CEF /* Release */,
			);
			defaultConfigurationIsVisible = 0;
			defaultConfigurationName = Release;
		};
		41115E1E233DB3EE00748CEF /* Build configuration list for PBXNativeTarget "快速排序" */ = {
			isa = XCConfigurationList;
			buildConfigurations = (
				41115E1C233DB3EE00748CEF /* Debug */,
				41115E1D233DB3EE00748CEF /* Release */,
			);
			defaultConfigurationIsVisible = 0;
			defaultConfigurationName = Release;
		};
/* End XCConfigurationList section */
	};
	rootObject = 41115DD0233C676000748CEF /* Project object */;
}
